
Microsoft Visual Studio Solution File, Format Version 12.00
# Visual Studio 2017
Project("{FAE04EC0-301F-11D3-BF4B-00C04F79EFBC}") = "Project_1_Mining", "Project_1_Mining.csproj", "{CEE4DF8C-0412-522D-39A4-85095B274D84}"
EndProject
Global
	GlobalSection(SolutionConfigurationPlatforms) = preSolution
		Debug|Any CPU = Debug|Any CPU
		Release|Any CPU = Release|Any CPU
	EndGlobalSection
	GlobalSection(ProjectConfigurationPlatforms) = postSolution
		{CEE4DF8C-0412-522D-39A4-85095B274D84}.Debug|Any CPU.ActiveCfg = Debug|Any CPU
		{CEE4DF8C-0412-522D-39A4-85095B274D84}.Debug|Any CPU.Build.0 = Debug|Any CPU
		{CEE4DF8C-0412-522D-39A4-85095B274D84}.Release|Any CPU.ActiveCfg = Release|Any CPU
		{CEE4DF8C-0412-522D-39A4-85095B274D84}.Release|Any CPU.Build.0 = Release|Any CPU
	EndGlobalSection
	GlobalSection(SolutionProperties) = preSolution
		HideSolutionNode = FALSE
	EndGlobalSection
EndGlobal
